
Microsoft Visual Studio Solution File, Format Version 12.00
# Visual Studio Version 17
VisualStudioVersion = 17.5.002.0
MinimumVisualStudioVersion = 10.0.40219.1
Project("{9A19103F-16F7-4668-BE54-9A1E7A4F7556}") = "DesafioFundamentos", "DesafioFundamentos\DesafioFundamentos.csproj", "{FD45D109-88B9-4520-AE5C-B30522BCC8AD}"
EndProject
Global
	GlobalSection(SolutionConfigurationPlatforms) = preSolution
		Debug|Any CPU = Debug|Any CPU
		Release|Any CPU = Release|Any CPU
	EndGlobalSection
	GlobalSection(ProjectConfigurationPlatforms) = postSolution
		{FD45D109-88B9-4520-AE5C-B30522BCC8AD}.Debug|Any CPU.ActiveCfg = Debug|Any CPU
		{FD45D109-88B9-4520-AE5C-B30522BCC8AD}.Debug|Any CPU.Build.0 = Debug|Any CPU
		{FD45D109-88B9-4520-AE5C-B30522BCC8AD}.Release|Any CPU.ActiveCfg = Release|Any CPU
		{FD45D109-88B9-4520-AE5C-B30522BCC8AD}.Release|Any CPU.Build.0 = Release|Any CPU
	EndGlobalSection
	GlobalSection(SolutionProperties) = preSolution
		HideSolutionNode = FALSE
	EndGlobalSection
	GlobalSection(ExtensibilityGlobals) = postSolution
		SolutionGuid = {38423FF6-BB4E-4FA4-9D50-D5B71AA35A76}
	EndGlobalSection
EndGlobal
